{
  "name": "calendar-github-fetch-tools",
  "lockfileVersion": 3,
  "requires": true,
  "packages": {
    "": {
      "name": "calendar-github-fetch-tools",
      "dependencies": {
        "isolated-vm": "^7.0.1"
      }
    },
    "node_modules/isolated-vm": {
      "version": "7.0.1",
      "resolved": "https://registry.npmjs.org/isolated-vm/-/isolated-vm-7.0.1.tgz",
      "integrity": "sha512-nBCQ1hXEaYKYJ79wwfhaF44ITOJC30Hw0wPEsFeNsdD3hdeKK7FW1SGMQYBUA+qasvkqdOazI+iBuq0lcbN/aw==",
      "hasInstallScript": true,
      "license": "ISC",
      "dependencies": {
        "node-gyp-build": "^4.8.4"
      },
      "engines": {
        "node": ">=24.0.0"
      }
    },
    "node_modules/node-gyp-build": {
      "version": "4.8.4",
      "resolved": "https://registry.npmjs.org/node-gyp-build/-/node-gyp-build-4.8.4.tgz",
      "integrity": "sha512-LA4ZjwlnUblHVgq0oBF3Jl/6h/Nvs5fzBLwdEF4nuxnFdsfajde4WfxtJr3CaiH+F6ewcIB/q4jQ4UzPyid+CQ==",
      "license": "MIT",
      "bin": {
        "node-gyp-build": "bin.js",
        "node-gyp-build-optional": "optional.js",
        "node-gyp-build-test": "build-test.js"
      }
    }
  }
}
